
Microsoft Visual Studio Solution File, Format Version 12.00
# Visual Studio 2013
VisualStudioVersion = 12.0.21005.1
MinimumVisualStudioVersion = 10.0.40219.1
Project("{FAE04EC0-301F-11D3-BF4B-00C04F79EFBC}") = "MVC体验", "MVC体验\MVC体验.csproj", "{A6B5F721-2CD6-4533-B269-E9781179D841}"
EndProject
Project("{FAE04EC0-301F-11D3-BF4B-00C04F79EFBC}") = "Model", "Model\Model.csproj", "{E87A0B78-0B5F-4AAC-8D82-5D5E81C3F24E}"
EndProject
Project("{FAE04EC0-301F-11D3-BF4B-00C04F79EFBC}") = "MVC.Site第二套demo(登录)", "MVC.Site第二套demo\MVC.Site第二套demo(登录).csproj", "{BD3F6BFE-B2DD-4D4A-B549-F45B77A46887}"
EndProject
Project("{FAE04EC0-301F-11D3-BF4B-00C04F79EFBC}") = "MVC.Site第三套demo", "MVC.Site第三套demo\MVC.Site第三套demo.csproj", "{3BDA936E-5F2A-4452-9F67-D2E2994A1627}"
EndProject
Project("{2150E333-8FDC-42A3-9474-1A3956D46DE8}") = "C051路由约束", "C051路由约束", "{341B9FE0-487A-4CE6-B865-A8194A479087}"
EndProject
Project("{FAE04EC0-301F-11D3-BF4B-00C04F79EFBC}") = "Ctrl.Mamager2", "Ctrl.Mamager2\Ctrl.Mamager2.csproj", "{55C60786-AA9F-4930-B9B7-F46CCFCB7EA2}"
EndProject
Project("{FAE04EC0-301F-11D3-BF4B-00C04F79EFBC}") = "Ctrl.Mamager", "Ctrl.Mamager\Ctrl.Mamager.csproj", "{65E62FC9-1C88-4F2C-84F2-7D821F35E2CD}"
EndProject
Project("{FAE04EC0-301F-11D3-BF4B-00C04F79EFBC}") = "MVC路由规则约束", "MVC路由规则约束\MVC路由规则约束.csproj", "{6D4991BD-E115-443D-B32F-D8B3BDDAAFF0}"
EndProject
Project("{2150E333-8FDC-42A3-9474-1A3956D46DE8}") = "C052区域", "C052区域", "{2E8F0D58-A22C-43EC-B73F-AE6F60105409}"
EndProject
Project("{FAE04EC0-301F-11D3-BF4B-00C04F79EFBC}") = "MvcApplication1", "MvcApplication1\MvcApplication1.csproj", "{9427A493-B763-4B8D-BD5C-41B85FE8601E}"
EndProject
Project("{FAE04EC0-301F-11D3-BF4B-00C04F79EFBC}") = "Admin.Controllers", "Admin.Controllers\Admin.Controllers.csproj", "{6C4016E6-151A-4217-A851-DD61FF147B58}"
EndProject
Project("{2150E333-8FDC-42A3-9474-1A3956D46DE8}") = "C053过滤器", "C053过滤器", "{1E1E7E40-6163-435A-8A17-F012B52C2E28}"
EndProject
Project("{FAE04EC0-301F-11D3-BF4B-00C04F79EFBC}") = "MVCFilter", "MVCFilter\MVCFilter.csproj", "{583D0CFD-F365-411E-A68D-947B9CC1A79D}"
EndProject
Project("{2150E333-8FDC-42A3-9474-1A3956D46DE8}") = "C062WebApi", "C062WebApi", "{5894C897-AD48-4E28-97FB-C6B44D2E902A}"
EndProject
Project("{FAE04EC0-301F-11D3-BF4B-00C04F79EFBC}") = "C062MVCWebApi", "C062MVCWebApi\C062MVCWebApi.csproj", "{66AC3E83-7BDE-40B4-91FA-6EA57CCF7191}"
EndProject
Project("{FAE04EC0-301F-11D3-BF4B-00C04F79EFBC}") = "C062CallAPI", "C062CallAPI\C062CallAPI.csproj", "{DDB0FAA3-D53D-42B0-8D97-6B5E4AF684A4}"
EndProject
Project("{2150E333-8FDC-42A3-9474-1A3956D46DE8}") = "C063MVC插件形式开发", "C063MVC插件形式开发", "{44369519-33E7-4BBF-AE20-DC057A7EBB78}"
EndProject
Project("{FAE04EC0-301F-11D3-BF4B-00C04F79EFBC}") = "Plugs.MVC.Order", "Plugs.MVC.Order\Plugs.MVC.Order.csproj", "{827A22F1-BD1D-429A-B631-73F2700E4544}"
EndProject
Project("{FAE04EC0-301F-11D3-BF4B-00C04F79EFBC}") = "MVC.Main", "MVC.Main\MVC.Main.csproj", "{534C9DF6-31CC-423B-8A65-17A1B9AC0BF7}"
EndProject
Project("{FAE04EC0-301F-11D3-BF4B-00C04F79EFBC}") = "Plugs.Framework", "Plugs.Framework\Plugs.Framework.csproj", "{6A42FA1A-42C7-4BB0-9DE8-C6721F98AFEC}"
EndProject
Global
	GlobalSection(SolutionConfigurationPlatforms) = preSolution
		Debug|Any CPU = Debug|Any CPU
		Release|Any CPU = Release|Any CPU
	EndGlobalSection
	GlobalSection(ProjectConfigurationPlatforms) = postSolution
		{A6B5F721-2CD6-4533-B269-E9781179D841}.Debug|Any CPU.ActiveCfg = Debug|Any CPU
		{A6B5F721-2CD6-4533-B269-E9781179D841}.Debug|Any CPU.Build.0 = Debug|Any CPU
		{A6B5F721-2CD6-4533-B269-E9781179D841}.Release|Any CPU.ActiveCfg = Release|Any CPU
		{A6B5F721-2CD6-4533-B269-E9781179D841}.Release|Any CPU.Build.0 = Release|Any CPU
		{E87A0B78-0B5F-4AAC-8D82-5D5E81C3F24E}.Debug|Any CPU.ActiveCfg = Debug|Any CPU
		{E87A0B78-0B5F-4AAC-8D82-5D5E81C3F24E}.Debug|Any CPU.Build.0 = Debug|Any CPU
		{E87A0B78-0B5F-4AAC-8D82-5D5E81C3F24E}.Release|Any CPU.ActiveCfg = Release|Any CPU
		{E87A0B78-0B5F-4AAC-8D82-5D5E81C3F24E}.Release|Any CPU.Build.0 = Release|Any CPU
		{BD3F6BFE-B2DD-4D4A-B549-F45B77A46887}.Debug|Any CPU.ActiveCfg = Debug|Any CPU
		{BD3F6BFE-B2DD-4D4A-B549-F45B77A46887}.Debug|Any CPU.Build.0 = Debug|Any CPU
		{BD3F6BFE-B2DD-4D4A-B549-F45B77A46887}.Release|Any CPU.ActiveCfg = Release|Any CPU
		{BD3F6BFE-B2DD-4D4A-B549-F45B77A46887}.Release|Any CPU.Build.0 = Release|Any CPU
		{3BDA936E-5F2A-4452-9F67-D2E2994A1627}.Debug|Any CPU.ActiveCfg = Debug|Any CPU
		{3BDA936E-5F2A-4452-9F67-D2E2994A1627}.Debug|Any CPU.Build.0 = Debug|Any CPU
		{3BDA936E-5F2A-4452-9F67-D2E2994A1627}.Release|Any CPU.ActiveCfg = Release|Any CPU
		{3BDA936E-5F2A-4452-9F67-D2E2994A1627}.Release|Any CPU.Build.0 = Release|Any CPU
		{55C60786-AA9F-4930-B9B7-F46CCFCB7EA2}.Debug|Any CPU.ActiveCfg = Debug|Any CPU
		{55C60786-AA9F-4930-B9B7-F46CCFCB7EA2}.Debug|Any CPU.Build.0 = Debug|Any CPU
		{55C60786-AA9F-4930-B9B7-F46CCFCB7EA2}.Release|Any CPU.ActiveCfg = Release|Any CPU
		{55C60786-AA9F-4930-B9B7-F46CCFCB7EA2}.Release|Any CPU.Build.0 = Release|Any CPU
		{65E62FC9-1C88-4F2C-84F2-7D821F35E2CD}.Debug|Any CPU.ActiveCfg = Debug|Any CPU
		{65E62FC9-1C88-4F2C-84F2-7D821F35E2CD}.Debug|Any CPU.Build.0 = Debug|Any CPU
		{65E62FC9-1C88-4F2C-84F2-7D821F35E2CD}.Release|Any CPU.ActiveCfg = Release|Any CPU
		{65E62FC9-1C88-4F2C-84F2-7D821F35E2CD}.Release|Any CPU.Build.0 = Release|Any CPU
		{6D4991BD-E115-443D-B32F-D8B3BDDAAFF0}.Debug|Any CPU.ActiveCfg = Debug|Any CPU
		{6D4991BD-E115-443D-B32F-D8B3BDDAAFF0}.Debug|Any CPU.Build.0 = Debug|Any CPU
		{6D4991BD-E115-443D-B32F-D8B3BDDAAFF0}.Release|Any CPU.ActiveCfg = Release|Any CPU
		{6D4991BD-E115-443D-B32F-D8B3BDDAAFF0}.Release|Any CPU.Build.0 = Release|Any CPU
		{9427A493-B763-4B8D-BD5C-41B85FE8601E}.Debug|Any CPU.ActiveCfg = Debug|Any CPU
		{9427A493-B763-4B8D-BD5C-41B85FE8601E}.Debug|Any CPU.Build.0 = Debug|Any CPU
		{9427A493-B763-4B8D-BD5C-41B85FE8601E}.Release|Any CPU.ActiveCfg = Release|Any CPU
		{9427A493-B763-4B8D-BD5C-41B85FE8601E}.Release|Any CPU.Build.0 = Release|Any CPU
		{6C4016E6-151A-4217-A851-DD61FF147B58}.Debug|Any CPU.ActiveCfg = Debug|Any CPU
		{6C4016E6-151A-4217-A851-DD61FF147B58}.Debug|Any CPU.Build.0 = Debug|Any CPU
		{6C4016E6-151A-4217-A851-DD61FF147B58}.Release|Any CPU.ActiveCfg = Release|Any CPU
		{6C4016E6-151A-4217-A851-DD61FF147B58}.Release|Any CPU.Build.0 = Release|Any CPU
		{583D0CFD-F365-411E-A68D-947B9CC1A79D}.Debug|Any CPU.ActiveCfg = Debug|Any CPU
		{583D0CFD-F365-411E-A68D-947B9CC1A79D}.Debug|Any CPU.Build.0 = Debug|Any CPU
		{583D0CFD-F365-411E-A68D-947B9CC1A79D}.Release|Any CPU.ActiveCfg = Release|Any CPU
		{583D0CFD-F365-411E-A68D-947B9CC1A79D}.Release|Any CPU.Build.0 = Release|Any CPU
		{66AC3E83-7BDE-40B4-91FA-6EA57CCF7191}.Debug|Any CPU.ActiveCfg = Debug|Any CPU
		{66AC3E83-7BDE-40B4-91FA-6EA57CCF7191}.Debug|Any CPU.Build.0 = Debug|Any CPU
		{66AC3E83-7BDE-40B4-91FA-6EA57CCF7191}.Release|Any CPU.ActiveCfg = Release|Any CPU
		{66AC3E83-7BDE-40B4-91FA-6EA57CCF7191}.Release|Any CPU.Build.0 = Release|Any CPU
		{DDB0FAA3-D53D-42B0-8D97-6B5E4AF684A4}.Debug|Any CPU.ActiveCfg = Debug|Any CPU
		{DDB0FAA3-D53D-42B0-8D97-6B5E4AF684A4}.Debug|Any CPU.Build.0 = Debug|Any CPU
		{DDB0FAA3-D53D-42B0-8D97-6B5E4AF684A4}.Release|Any CPU.ActiveCfg = Release|Any CPU
		{DDB0FAA3-D53D-42B0-8D97-6B5E4AF684A4}.Release|Any CPU.Build.0 = Release|Any CPU
		{827A22F1-BD1D-429A-B631-73F2700E4544}.Debug|Any CPU.ActiveCfg = Debug|Any CPU
		{827A22F1-BD1D-429A-B631-73F2700E4544}.Debug|Any CPU.Build.0 = Debug|Any CPU
		{827A22F1-BD1D-429A-B631-73F2700E4544}.Release|Any CPU.ActiveCfg = Release|Any CPU
		{827A22F1-BD1D-429A-B631-73F2700E4544}.Release|Any CPU.Build.0 = Release|Any CPU
		{534C9DF6-31CC-423B-8A65-17A1B9AC0BF7}.Debug|Any CPU.ActiveCfg = Debug|Any CPU
		{534C9DF6-31CC-423B-8A65-17A1B9AC0BF7}.Debug|Any CPU.Build.0 = Debug|Any CPU
		{534C9DF6-31CC-423B-8A65-17A1B9AC0BF7}.Release|Any CPU.ActiveCfg = Release|Any CPU
		{534C9DF6-31CC-423B-8A65-17A1B9AC0BF7}.Release|Any CPU.Build.0 = Release|Any CPU
		{6A42FA1A-42C7-4BB0-9DE8-C6721F98AFEC}.Debug|Any CPU.ActiveCfg = Debug|Any CPU
		{6A42FA1A-42C7-4BB0-9DE8-C6721F98AFEC}.Debug|Any CPU.Build.0 = Debug|Any CPU
		{6A42FA1A-42C7-4BB0-9DE8-C6721F98AFEC}.Release|Any CPU.ActiveCfg = Release|Any CPU
		{6A42FA1A-42C7-4BB0-9DE8-C6721F98AFEC}.Release|Any CPU.Build.0 = Release|Any CPU
	EndGlobalSection
	GlobalSection(SolutionProperties) = preSolution
		HideSolutionNode = FALSE
	EndGlobalSection
	GlobalSection(NestedProjects) = preSolution
		{55C60786-AA9F-4930-B9B7-F46CCFCB7EA2} = {341B9FE0-487A-4CE6-B865-A8194A479087}
		{65E62FC9-1C88-4F2C-84F2-7D821F35E2CD} = {341B9FE0-487A-4CE6-B865-A8194A479087}
		{6D4991BD-E115-443D-B32F-D8B3BDDAAFF0} = {341B9FE0-487A-4CE6-B865-A8194A479087}
		{9427A493-B763-4B8D-BD5C-41B85FE8601E} = {2E8F0D58-A22C-43EC-B73F-AE6F60105409}
		{6C4016E6-151A-4217-A851-DD61FF147B58} = {2E8F0D58-A22C-43EC-B73F-AE6F60105409}
		{583D0CFD-F365-411E-A68D-947B9CC1A79D} = {1E1E7E40-6163-435A-8A17-F012B52C2E28}
		{66AC3E83-7BDE-40B4-91FA-6EA57CCF7191} = {5894C897-AD48-4E28-97FB-C6B44D2E902A}
		{DDB0FAA3-D53D-42B0-8D97-6B5E4AF684A4} = {5894C897-AD48-4E28-97FB-C6B44D2E902A}
		{827A22F1-BD1D-429A-B631-73F2700E4544} = {44369519-33E7-4BBF-AE20-DC057A7EBB78}
		{534C9DF6-31CC-423B-8A65-17A1B9AC0BF7} = {44369519-33E7-4BBF-AE20-DC057A7EBB78}
		{6A42FA1A-42C7-4BB0-9DE8-C6721F98AFEC} = {44369519-33E7-4BBF-AE20-DC057A7EBB78}
	EndGlobalSection
EndGlobal
